
Microsoft Visual Studio Solution File, Format Version 12.00
# Visual Studio Version 17
VisualStudioVersion = 17.8.34330.188
MinimumVisualStudioVersion = 10.0.40219.1
Project("{FAE04EC0-301F-11D3-BF4B-00C04F79EFBC}") = "DataStreamingService", "DataStreamingService.csproj", "{DB0700A8-BEAE-449F-9281-32BB2C1CDBF4}"
EndProject
Global
	GlobalSection(SolutionConfigurationPlatforms) = preSolution
		Debug|Any CPU = Debug|Any CPU
		Release|Any CPU = Release|Any CPU
	EndGlobalSection
	GlobalSection(ProjectConfigurationPlatforms) = postSolution
		{DB0700A8-BEAE-449F-9281-32BB2C1CDBF4}.Debug|Any CPU.ActiveCfg = Debug|Any CPU
		{DB0700A8-BEAE-449F-9281-32BB2C1CDBF4}.Debug|Any CPU.Build.0 = Debug|Any CPU
		{DB0700A8-BEAE-449F-9281-32BB2C1CDBF4}.Release|Any CPU.ActiveCfg = Release|Any CPU
		{DB0700A8-BEAE-449F-9281-32BB2C1CDBF4}.Release|Any CPU.Build.0 = Release|Any CPU
	EndGlobalSection
	GlobalSection(SolutionProperties) = preSolution
		HideSolutionNode = FALSE
	EndGlobalSection
	GlobalSection(ExtensibilityGlobals) = postSolution
		SolutionGuid = {9CF8ED9A-D181-467C-9B43-42C45DA755C6}
	EndGlobalSection
EndGlobal
